
Microsoft Visual Studio Solution File, Format Version 12.00
# Visual Studio Version 17
VisualStudioVersion = 17.9.34701.34
MinimumVisualStudioVersion = 10.0.40219.1
Project("{9A19103F-16F7-4668-BE54-9A1E7A4F7556}") = "LyrionControl", "LyrionControl\LyrionControl.csproj", "{E4FFBE3A-653A-48EF-9216-17AAEDF5629F}"
EndProject
Project("{FAE04EC0-301F-11D3-BF4B-00C04F79EFBC}") = "LyrionControl.IntegrationTests", "IntegrationTests\LyrionControl.IntegrationTests.csproj", "{E572DCCE-8AC1-433D-ACD5-3A50B59E6791}"
EndProject
Project("{FAE04EC0-301F-11D3-BF4B-00C04F79EFBC}") = "LyrionControl.UnitTests", "UnitTests\LyrionControl.UnitTests.csproj", "{819FFE51-3F0C-4E98-B812-20DC344D13BB}"
EndProject
Project("{2150E333-8FDC-42A3-9474-1A3956D46DE8}") = "Solution Items", "Solution Items", "{02EA681E-C7D8-13C7-8484-4AC65E1B71E8}"
	ProjectSection(SolutionItems) = preProject
		README.md = README.md
	EndProjectSection
EndProject
Global
	GlobalSection(SolutionConfigurationPlatforms) = preSolution
		Debug|Any CPU = Debug|Any CPU
		Release|Any CPU = Release|Any CPU
	EndGlobalSection
	GlobalSection(ProjectConfigurationPlatforms) = postSolution
		{E4FFBE3A-653A-48EF-9216-17AAEDF5629F}.Debug|Any CPU.ActiveCfg = Debug|Any CPU
		{E4FFBE3A-653A-48EF-9216-17AAEDF5629F}.Debug|Any CPU.Build.0 = Debug|Any CPU
		{E4FFBE3A-653A-48EF-9216-17AAEDF5629F}.Release|Any CPU.ActiveCfg = Release|Any CPU
		{E4FFBE3A-653A-48EF-9216-17AAEDF5629F}.Release|Any CPU.Build.0 = Release|Any CPU
		{E572DCCE-8AC1-433D-ACD5-3A50B59E6791}.Debug|Any CPU.ActiveCfg = Debug|Any CPU
		{E572DCCE-8AC1-433D-ACD5-3A50B59E6791}.Debug|Any CPU.Build.0 = Debug|Any CPU
		{E572DCCE-8AC1-433D-ACD5-3A50B59E6791}.Release|Any CPU.ActiveCfg = Release|Any CPU
		{E572DCCE-8AC1-433D-ACD5-3A50B59E6791}.Release|Any CPU.Build.0 = Release|Any CPU
		{819FFE51-3F0C-4E98-B812-20DC344D13BB}.Debug|Any CPU.ActiveCfg = Debug|Any CPU
		{819FFE51-3F0C-4E98-B812-20DC344D13BB}.Debug|Any CPU.Build.0 = Debug|Any CPU
		{819FFE51-3F0C-4E98-B812-20DC344D13BB}.Release|Any CPU.ActiveCfg = Release|Any CPU
		{819FFE51-3F0C-4E98-B812-20DC344D13BB}.Release|Any CPU.Build.0 = Release|Any CPU
	EndGlobalSection
	GlobalSection(SolutionProperties) = preSolution
		HideSolutionNode = FALSE
	EndGlobalSection
	GlobalSection(ExtensibilityGlobals) = postSolution
		SolutionGuid = {1B7AACEB-E851-45BB-A7DD-98516F732D51}
	EndGlobalSection
EndGlobal
